
Microsoft Visual Studio Solution File, Format Version 12.00
# Visual Studio Version 17
VisualStudioVersion = 17.9.34728.123
MinimumVisualStudioVersion = 10.0.40219.1
Project("{9A19103F-16F7-4668-BE54-9A1E7A4F7556}") = "AvaloniaApplication5", "AvaloniaApplication5\AvaloniaApplication5.csproj", "{AC41F08C-D7AC-4255-995B-8609ADDF68B7}"
EndProject
Project("{9A19103F-16F7-4668-BE54-9A1E7A4F7556}") = "AvaloniaApplication5.Desktop", "AvaloniaApplication5.Desktop\AvaloniaApplication5.Desktop.csproj", "{C2FDA49C-D527-4C05-B5B1-66B7F695CBD6}"
EndProject
Global
	GlobalSection(SolutionConfigurationPlatforms) = preSolution
		Debug|Any CPU = Debug|Any CPU
		Release|Any CPU = Release|Any CPU
	EndGlobalSection
	GlobalSection(ProjectConfigurationPlatforms) = postSolution
		{AC41F08C-D7AC-4255-995B-8609ADDF68B7}.Debug|Any CPU.ActiveCfg = Debug|Any CPU
		{AC41F08C-D7AC-4255-995B-8609ADDF68B7}.Debug|Any CPU.Build.0 = Debug|Any CPU
		{AC41F08C-D7AC-4255-995B-8609ADDF68B7}.Release|Any CPU.ActiveCfg = Release|Any CPU
		{AC41F08C-D7AC-4255-995B-8609ADDF68B7}.Release|Any CPU.Build.0 = Release|Any CPU
		{C2FDA49C-D527-4C05-B5B1-66B7F695CBD6}.Debug|Any CPU.ActiveCfg = Debug|Any CPU
		{C2FDA49C-D527-4C05-B5B1-66B7F695CBD6}.Debug|Any CPU.Build.0 = Debug|Any CPU
		{C2FDA49C-D527-4C05-B5B1-66B7F695CBD6}.Release|Any CPU.ActiveCfg = Release|Any CPU
		{C2FDA49C-D527-4C05-B5B1-66B7F695CBD6}.Release|Any CPU.Build.0 = Release|Any CPU
	EndGlobalSection
	GlobalSection(SolutionProperties) = preSolution
		HideSolutionNode = FALSE
	EndGlobalSection
	GlobalSection(ExtensibilityGlobals) = postSolution
		SolutionGuid = {42E2CBB6-DAED-4B88-89BC-C27D0BA50D2F}
	EndGlobalSection
EndGlobal
